﻿
Microsoft Visual Studio Solution File, Format Version 12.00
# Visual Studio 15
VisualStudioVersion = 15.0.28307.168
MinimumVisualStudioVersion = 10.0.40219.1
Project("{9A19103F-16F7-4668-BE54-9A1E7A4F7556}") = "CinemaAllocations.Tests", "CinemaAllocations.Tests\CinemaAllocations.Tests.csproj", "{6B93415E-3024-44A9-9D05-7F0D4191CEB2}"
EndProject
Project("{FAE04EC0-301F-11D3-BF4B-00C04F79EFBC}") = "CinemaAllocations.Domain", "CinemaAllocations.Domain\CinemaAllocations.Domain.csproj", "{D1B552A2-E820-4D9A-8391-ABA7C5F137EF}"
EndProject
Global
	GlobalSection(SolutionConfigurationPlatforms) = preSolution
		Debug|Any CPU = Debug|Any CPU
		Release|Any CPU = Release|Any CPU
	EndGlobalSection
	GlobalSection(ProjectConfigurationPlatforms) = postSolution
		{6B93415E-3024-44A9-9D05-7F0D4191CEB2}.Debug|Any CPU.ActiveCfg = Debug|Any CPU
		{6B93415E-3024-44A9-9D05-7F0D4191CEB2}.Debug|Any CPU.Build.0 = Debug|Any CPU
		{6B93415E-3024-44A9-9D05-7F0D4191CEB2}.Release|Any CPU.ActiveCfg = Release|Any CPU
		{6B93415E-3024-44A9-9D05-7F0D4191CEB2}.Release|Any CPU.Build.0 = Release|Any CPU
		{92D4BB8C-27AF-4AC0-87FF-7B5E65082EFE}.Debug|Any CPU.ActiveCfg = Debug|Any CPU
		{92D4BB8C-27AF-4AC0-87FF-7B5E65082EFE}.Debug|Any CPU.Build.0 = Debug|Any CPU
		{92D4BB8C-27AF-4AC0-87FF-7B5E65082EFE}.Release|Any CPU.ActiveCfg = Release|Any CPU
		{92D4BB8C-27AF-4AC0-87FF-7B5E65082EFE}.Release|Any CPU.Build.0 = Release|Any CPU
		{D1B552A2-E820-4D9A-8391-ABA7C5F137EF}.Debug|Any CPU.ActiveCfg = Debug|Any CPU
		{D1B552A2-E820-4D9A-8391-ABA7C5F137EF}.Debug|Any CPU.Build.0 = Debug|Any CPU
		{D1B552A2-E820-4D9A-8391-ABA7C5F137EF}.Release|Any CPU.ActiveCfg = Release|Any CPU
		{D1B552A2-E820-4D9A-8391-ABA7C5F137EF}.Release|Any CPU.Build.0 = Release|Any CPU
		{298FA2CA-651E-48FB-B6A3-A82E3D10B7B8}.Debug|Any CPU.ActiveCfg = Debug|Any CPU
		{298FA2CA-651E-48FB-B6A3-A82E3D10B7B8}.Debug|Any CPU.Build.0 = Debug|Any CPU
		{298FA2CA-651E-48FB-B6A3-A82E3D10B7B8}.Release|Any CPU.ActiveCfg = Release|Any CPU
		{298FA2CA-651E-48FB-B6A3-A82E3D10B7B8}.Release|Any CPU.Build.0 = Release|Any CPU
	EndGlobalSection
	GlobalSection(SolutionProperties) = preSolution
		HideSolutionNode = FALSE
	EndGlobalSection
	GlobalSection(ExtensibilityGlobals) = postSolution
		SolutionGuid = {BA14477E-5BD0-47D0-930A-A469ABF339AE}
	EndGlobalSection
EndGlobal